
Microsoft Visual Studio Solution File, Format Version 12.00
# Visual Studio 15
VisualStudioVersion = 15.0.27428.2005
MinimumVisualStudioVersion = 10.0.40219.1
Project("{FAE04EC0-301F-11D3-BF4B-00C04F79EFBC}") = "PasswordManagerGUI", "Password Manager\PasswordManagerGUI.csproj", "{112F7351-34BC-4C5C-8A8B-D0CEDB7AD5A6}"
EndProject
Project("{FAE04EC0-301F-11D3-BF4B-00C04F79EFBC}") = "PasswordManagerContract.Contract", "PasswordManagerContract\PasswordManagerContract.Contract.csproj", "{503CAF89-29B5-4E92-BC35-4B9615F780F8}"
EndProject
Project("{FAE04EC0-301F-11D3-BF4B-00C04F79EFBC}") = "PasswordManager", "PasswordManager\PasswordManager.csproj", "{6E086029-4E97-4109-96E9-73ADC6E8D267}"
EndProject
Project("{FAE04EC0-301F-11D3-BF4B-00C04F79EFBC}") = "PluginServiceApplication", "PluginService\PluginServiceApplication.csproj", "{4DF87243-863B-455F-93E7-CBD1B233CF6B}"
EndProject
Global
	GlobalSection(SolutionConfigurationPlatforms) = preSolution
		Debug|Any CPU = Debug|Any CPU
		Release|Any CPU = Release|Any CPU
	EndGlobalSection
	GlobalSection(ProjectConfigurationPlatforms) = postSolution
		{112F7351-34BC-4C5C-8A8B-D0CEDB7AD5A6}.Debug|Any CPU.ActiveCfg = Debug|Any CPU
		{112F7351-34BC-4C5C-8A8B-D0CEDB7AD5A6}.Debug|Any CPU.Build.0 = Debug|Any CPU
		{112F7351-34BC-4C5C-8A8B-D0CEDB7AD5A6}.Release|Any CPU.ActiveCfg = Release|Any CPU
		{112F7351-34BC-4C5C-8A8B-D0CEDB7AD5A6}.Release|Any CPU.Build.0 = Release|Any CPU
		{503CAF89-29B5-4E92-BC35-4B9615F780F8}.Debug|Any CPU.ActiveCfg = Debug|Any CPU
		{503CAF89-29B5-4E92-BC35-4B9615F780F8}.Debug|Any CPU.Build.0 = Debug|Any CPU
		{503CAF89-29B5-4E92-BC35-4B9615F780F8}.Release|Any CPU.ActiveCfg = Release|Any CPU
		{503CAF89-29B5-4E92-BC35-4B9615F780F8}.Release|Any CPU.Build.0 = Release|Any CPU
		{6E086029-4E97-4109-96E9-73ADC6E8D267}.Debug|Any CPU.ActiveCfg = Debug|Any CPU
		{6E086029-4E97-4109-96E9-73ADC6E8D267}.Debug|Any CPU.Build.0 = Debug|Any CPU
		{6E086029-4E97-4109-96E9-73ADC6E8D267}.Release|Any CPU.ActiveCfg = Release|Any CPU
		{6E086029-4E97-4109-96E9-73ADC6E8D267}.Release|Any CPU.Build.0 = Release|Any CPU
		{4DF87243-863B-455F-93E7-CBD1B233CF6B}.Debug|Any CPU.ActiveCfg = Debug|Any CPU
		{4DF87243-863B-455F-93E7-CBD1B233CF6B}.Debug|Any CPU.Build.0 = Debug|Any CPU
		{4DF87243-863B-455F-93E7-CBD1B233CF6B}.Release|Any CPU.ActiveCfg = Release|Any CPU
		{4DF87243-863B-455F-93E7-CBD1B233CF6B}.Release|Any CPU.Build.0 = Release|Any CPU
	EndGlobalSection
	GlobalSection(SolutionProperties) = preSolution
		HideSolutionNode = FALSE
	EndGlobalSection
	GlobalSection(ExtensibilityGlobals) = postSolution
		SolutionGuid = {E6358AEF-44AF-49CD-9003-057CD31B9A15}
	EndGlobalSection
EndGlobal
